{
  "name": "dsnp_graph_sdk_node",
  "version": "0.0.1",
  "lockfileVersion": 3,
  "requires": true,
  "packages": {
    "": {
      "name": "dsnp_graph_sdk_node",
      "version": "0.0.1",
      "license": "ISC",
      "devDependencies": {
        "@types/node": "^20.2.5",
        "cargo-cp-artifact": "^0.1"
      },
      "engines": {
        "node": "^14.0.0 || ^16.0.0 || >=17.0.0"
      }
    },
    "node_modules/@types/node": {
      "version": "20.2.5",
      "resolved": "https://registry.npmjs.org/@types/node/-/node-20.2.5.tgz",
      "integrity": "sha512-JJulVEQXmiY9Px5axXHeYGLSjhkZEnD+MDPDGbCbIAbMslkKwmygtZFy1X6s/075Yo94sf8GuSlFfPzysQrWZQ==",
      "dev": true
    },
    "node_modules/cargo-cp-artifact": {
      "version": "0.1.8",
      "resolved": "https://registry.npmjs.org/cargo-cp-artifact/-/cargo-cp-artifact-0.1.8.tgz",
      "integrity": "sha512-3j4DaoTrsCD1MRkTF2Soacii0Nx7UHCce0EwUf4fHnggwiE4fbmF2AbnfzayR36DF8KGadfh7M/Yfy625kgPlA==",
      "dev": true,
      "bin": {
        "cargo-cp-artifact": "bin/cargo-cp-artifact.js"
      }
    }
  }
}
